
Microsoft Visual Studio Solution File, Format Version 12.00
# Visual Studio Version 16
VisualStudioVersion = 16.0.30611.23
MinimumVisualStudioVersion = 10.0.40219.1
Project("{FAE04EC0-301F-11D3-BF4B-00C04F79EFBC}") = "InfoHub", "InfoHub\InfoHub.csproj", "{23CBB719-6697-43C9-A1A1-8313188BB8B6}"
EndProject
Global
	GlobalSection(SolutionConfigurationPlatforms) = preSolution
		Debug|Any CPU = Debug|Any CPU
		Release|Any CPU = Release|Any CPU
	EndGlobalSection
	GlobalSection(ProjectConfigurationPlatforms) = postSolution
		{23CBB719-6697-43C9-A1A1-8313188BB8B6}.Debug|Any CPU.ActiveCfg = Debug|Any CPU
		{23CBB719-6697-43C9-A1A1-8313188BB8B6}.Debug|Any CPU.Build.0 = Debug|Any CPU
		{23CBB719-6697-43C9-A1A1-8313188BB8B6}.Release|Any CPU.ActiveCfg = Release|Any CPU
		{23CBB719-6697-43C9-A1A1-8313188BB8B6}.Release|Any CPU.Build.0 = Release|Any CPU
	EndGlobalSection
	GlobalSection(SolutionProperties) = preSolution
		HideSolutionNode = FALSE
	EndGlobalSection
	GlobalSection(ExtensibilityGlobals) = postSolution
		SolutionGuid = {8D2941D8-47B9-49AC-894F-CBBAB16E93FD}
	EndGlobalSection
EndGlobal
